
Microsoft Visual Studio Solution File, Format Version 12.00
# Visual Studio 15
VisualStudioVersion = 15.0.27130.2010
MinimumVisualStudioVersion = 10.0.40219.1
Project("{2150E333-8FDC-42A3-9474-1A3956D46DE8}") = "01.Server", "01.Server", "{55B45230-23E0-48A2-BD17-F5FD0CE27A35}"
EndProject
Project("{9A19103F-16F7-4668-BE54-9A1E7A4F7556}") = "Movies.Api", "src\Movies.Api\Movies.Api.csproj", "{2C78A88D-A7FD-430F-B47C-16C00B5305A6}"
EndProject
Project("{9A19103F-16F7-4668-BE54-9A1E7A4F7556}") = "Movies.Api.Data", "src\Movies.Api.Data\Movies.Api.Data.csproj", "{B7D60098-3EDC-4AC7-A693-70A3A958D928}"
EndProject
Project("{2150E333-8FDC-42A3-9474-1A3956D46DE8}") = "02.Model", "02.Model", "{78EFE927-F8CD-47DC-BB71-F3E42B500D39}"
EndProject
Project("{9A19103F-16F7-4668-BE54-9A1E7A4F7556}") = "Movies.Model", "src\Movies.Model\Movies.Model.csproj", "{7878481C-D794-44FE-B5B1-059900DA52F2}"
EndProject
Project("{9A19103F-16F7-4668-BE54-9A1E7A4F7556}") = "Movies.ViewModel", "src\Movies.ViewModel\Movies.ViewModel.csproj", "{00FD681D-2184-463B-9755-D6DD5F5FD26F}"
EndProject
Project("{2150E333-8FDC-42A3-9474-1A3956D46DE8}") = "03.Client", "03.Client", "{7B3F5E10-00F5-4F0B-9B22-A70FE91632CD}"
EndProject
Project("{9A19103F-16F7-4668-BE54-9A1E7A4F7556}") = "Movies.Client.Core", "src\Movies.Client.Core\Movies.Client.Core.csproj", "{A8EF9E79-F361-468B-8878-E9D6D27FA398}"
EndProject
Project("{2150E333-8FDC-42A3-9474-1A3956D46DE8}") = "04.Constants", "04.Constants", "{70B0A870-EE56-4020-9603-422AFFB15CC6}"
EndProject
Project("{9A19103F-16F7-4668-BE54-9A1E7A4F7556}") = "Movies.Constants", "src\Movies.Constants\Movies.Constants.csproj", "{8705F8FF-11E4-477F-9385-B801EA8FEAD9}"
EndProject
Project("{2150E333-8FDC-42A3-9474-1A3956D46DE8}") = "05.Web", "05.Web", "{D3D68426-2AD0-4257-A5AC-28194C5CE078}"
EndProject
Project("{9A19103F-16F7-4668-BE54-9A1E7A4F7556}") = "Movies.Web", "src\Movies.Web\Movies.Web.csproj", "{AF189043-3175-4FC8-A120-44AAA5CDF37C}"
EndProject
Project("{2150E333-8FDC-42A3-9474-1A3956D46DE8}") = "06.Test", "06.Test", "{51644C1F-472E-4274-A02D-1E9E82CA2B93}"
EndProject
Project("{9A19103F-16F7-4668-BE54-9A1E7A4F7556}") = "Movies.UnitTest", "src\Movies.UnitTest\Movies.UnitTest.csproj", "{EE19E858-4935-486B-A62D-48CB2974FB34}"
EndProject
Project("{9A19103F-16F7-4668-BE54-9A1E7A4F7556}") = "Movies.Angular", "src\Movies.Angular\Movies.Angular.csproj", "{01517996-7E57-4BF5-A9F4-C8518F4FB6CF}"
EndProject
Project("{2150E333-8FDC-42A3-9474-1A3956D46DE8}") = "07.Mapper", "07.Mapper", "{1BB7D553-FD0C-472E-AFBF-F84EF4B7B907}"
EndProject
Project("{FAE04EC0-301F-11D3-BF4B-00C04F79EFBC}") = "Movies.Mapper", "src\Movies.Mapper\Movies.Mapper.csproj", "{F284DEB4-B7F1-4F04-8309-2118E5DC27E0}"
EndProject
Global
	GlobalSection(SolutionConfigurationPlatforms) = preSolution
		Debug|Any CPU = Debug|Any CPU
		Release|Any CPU = Release|Any CPU
	EndGlobalSection
	GlobalSection(ProjectConfigurationPlatforms) = postSolution
		{2C78A88D-A7FD-430F-B47C-16C00B5305A6}.Debug|Any CPU.ActiveCfg = Debug|Any CPU
		{2C78A88D-A7FD-430F-B47C-16C00B5305A6}.Debug|Any CPU.Build.0 = Debug|Any CPU
		{2C78A88D-A7FD-430F-B47C-16C00B5305A6}.Release|Any CPU.ActiveCfg = Release|Any CPU
		{2C78A88D-A7FD-430F-B47C-16C00B5305A6}.Release|Any CPU.Build.0 = Release|Any CPU
		{B7D60098-3EDC-4AC7-A693-70A3A958D928}.Debug|Any CPU.ActiveCfg = Debug|Any CPU
		{B7D60098-3EDC-4AC7-A693-70A3A958D928}.Debug|Any CPU.Build.0 = Debug|Any CPU
		{B7D60098-3EDC-4AC7-A693-70A3A958D928}.Release|Any CPU.ActiveCfg = Release|Any CPU
		{B7D60098-3EDC-4AC7-A693-70A3A958D928}.Release|Any CPU.Build.0 = Release|Any CPU
		{7878481C-D794-44FE-B5B1-059900DA52F2}.Debug|Any CPU.ActiveCfg = Debug|Any CPU
		{7878481C-D794-44FE-B5B1-059900DA52F2}.Debug|Any CPU.Build.0 = Debug|Any CPU
		{7878481C-D794-44FE-B5B1-059900DA52F2}.Release|Any CPU.ActiveCfg = Release|Any CPU
		{7878481C-D794-44FE-B5B1-059900DA52F2}.Release|Any CPU.Build.0 = Release|Any CPU
		{00FD681D-2184-463B-9755-D6DD5F5FD26F}.Debug|Any CPU.ActiveCfg = Debug|Any CPU
		{00FD681D-2184-463B-9755-D6DD5F5FD26F}.Debug|Any CPU.Build.0 = Debug|Any CPU
		{00FD681D-2184-463B-9755-D6DD5F5FD26F}.Release|Any CPU.ActiveCfg = Release|Any CPU
		{00FD681D-2184-463B-9755-D6DD5F5FD26F}.Release|Any CPU.Build.0 = Release|Any CPU
		{A8EF9E79-F361-468B-8878-E9D6D27FA398}.Debug|Any CPU.ActiveCfg = Debug|Any CPU
		{A8EF9E79-F361-468B-8878-E9D6D27FA398}.Debug|Any CPU.Build.0 = Debug|Any CPU
		{A8EF9E79-F361-468B-8878-E9D6D27FA398}.Release|Any CPU.ActiveCfg = Release|Any CPU
		{A8EF9E79-F361-468B-8878-E9D6D27FA398}.Release|Any CPU.Build.0 = Release|Any CPU
		{8705F8FF-11E4-477F-9385-B801EA8FEAD9}.Debug|Any CPU.ActiveCfg = Debug|Any CPU
		{8705F8FF-11E4-477F-9385-B801EA8FEAD9}.Debug|Any CPU.Build.0 = Debug|Any CPU
		{8705F8FF-11E4-477F-9385-B801EA8FEAD9}.Release|Any CPU.ActiveCfg = Release|Any CPU
		{8705F8FF-11E4-477F-9385-B801EA8FEAD9}.Release|Any CPU.Build.0 = Release|Any CPU
		{AF189043-3175-4FC8-A120-44AAA5CDF37C}.Debug|Any CPU.ActiveCfg = Debug|Any CPU
		{AF189043-3175-4FC8-A120-44AAA5CDF37C}.Debug|Any CPU.Build.0 = Debug|Any CPU
		{AF189043-3175-4FC8-A120-44AAA5CDF37C}.Release|Any CPU.ActiveCfg = Release|Any CPU
		{AF189043-3175-4FC8-A120-44AAA5CDF37C}.Release|Any CPU.Build.0 = Release|Any CPU
		{EE19E858-4935-486B-A62D-48CB2974FB34}.Debug|Any CPU.ActiveCfg = Debug|Any CPU
		{EE19E858-4935-486B-A62D-48CB2974FB34}.Debug|Any CPU.Build.0 = Debug|Any CPU
		{EE19E858-4935-486B-A62D-48CB2974FB34}.Release|Any CPU.ActiveCfg = Release|Any CPU
		{EE19E858-4935-486B-A62D-48CB2974FB34}.Release|Any CPU.Build.0 = Release|Any CPU
		{01517996-7E57-4BF5-A9F4-C8518F4FB6CF}.Debug|Any CPU.ActiveCfg = Debug|Any CPU
		{01517996-7E57-4BF5-A9F4-C8518F4FB6CF}.Debug|Any CPU.Build.0 = Debug|Any CPU
		{01517996-7E57-4BF5-A9F4-C8518F4FB6CF}.Release|Any CPU.ActiveCfg = Release|Any CPU
		{01517996-7E57-4BF5-A9F4-C8518F4FB6CF}.Release|Any CPU.Build.0 = Release|Any CPU
		{F284DEB4-B7F1-4F04-8309-2118E5DC27E0}.Debug|Any CPU.ActiveCfg = Debug|Any CPU
		{F284DEB4-B7F1-4F04-8309-2118E5DC27E0}.Debug|Any CPU.Build.0 = Debug|Any CPU
		{F284DEB4-B7F1-4F04-8309-2118E5DC27E0}.Release|Any CPU.ActiveCfg = Release|Any CPU
		{F284DEB4-B7F1-4F04-8309-2118E5DC27E0}.Release|Any CPU.Build.0 = Release|Any CPU
	EndGlobalSection
	GlobalSection(SolutionProperties) = preSolution
		HideSolutionNode = FALSE
	EndGlobalSection
	GlobalSection(NestedProjects) = preSolution
		{2C78A88D-A7FD-430F-B47C-16C00B5305A6} = {55B45230-23E0-48A2-BD17-F5FD0CE27A35}
		{B7D60098-3EDC-4AC7-A693-70A3A958D928} = {55B45230-23E0-48A2-BD17-F5FD0CE27A35}
		{7878481C-D794-44FE-B5B1-059900DA52F2} = {78EFE927-F8CD-47DC-BB71-F3E42B500D39}
		{00FD681D-2184-463B-9755-D6DD5F5FD26F} = {78EFE927-F8CD-47DC-BB71-F3E42B500D39}
		{A8EF9E79-F361-468B-8878-E9D6D27FA398} = {7B3F5E10-00F5-4F0B-9B22-A70FE91632CD}
		{8705F8FF-11E4-477F-9385-B801EA8FEAD9} = {70B0A870-EE56-4020-9603-422AFFB15CC6}
		{AF189043-3175-4FC8-A120-44AAA5CDF37C} = {D3D68426-2AD0-4257-A5AC-28194C5CE078}
		{EE19E858-4935-486B-A62D-48CB2974FB34} = {51644C1F-472E-4274-A02D-1E9E82CA2B93}
		{01517996-7E57-4BF5-A9F4-C8518F4FB6CF} = {D3D68426-2AD0-4257-A5AC-28194C5CE078}
		{F284DEB4-B7F1-4F04-8309-2118E5DC27E0} = {1BB7D553-FD0C-472E-AFBF-F84EF4B7B907}
	EndGlobalSection
	GlobalSection(ExtensibilityGlobals) = postSolution
		SolutionGuid = {78E34D0B-520E-4D5D-AD3C-0366211B09A8}
	EndGlobalSection
EndGlobal
